
Microsoft Visual Studio Solution File, Format Version 12.00
# Visual Studio Version 16
VisualStudioVersion = 16.0.30128.74
MinimumVisualStudioVersion = 10.0.40219.1
Project("{9A19103F-16F7-4668-BE54-9A1E7A4F7556}") = "HlidacStatu.Api.V2.Dataset", "HlidacStatu.Api.V2.Dataset.csproj", "{52F8B5FF-54EA-40CA-927B-9DD0AA4050C4}"
EndProject
Project("{FAE04EC0-301F-11D3-BF4B-00C04F79EFBC}") = "Playground", "..\Playground\Playground.csproj", "{781ADB54-BBF4-411F-831C-4E806A667D33}"
EndProject
Global
	GlobalSection(SolutionConfigurationPlatforms) = preSolution
		Debug|Any CPU = Debug|Any CPU
		Release|Any CPU = Release|Any CPU
	EndGlobalSection
	GlobalSection(ProjectConfigurationPlatforms) = postSolution
		{52F8B5FF-54EA-40CA-927B-9DD0AA4050C4}.Debug|Any CPU.ActiveCfg = Debug|Any CPU
		{52F8B5FF-54EA-40CA-927B-9DD0AA4050C4}.Debug|Any CPU.Build.0 = Debug|Any CPU
		{52F8B5FF-54EA-40CA-927B-9DD0AA4050C4}.Release|Any CPU.ActiveCfg = Release|Any CPU
		{52F8B5FF-54EA-40CA-927B-9DD0AA4050C4}.Release|Any CPU.Build.0 = Release|Any CPU
		{781ADB54-BBF4-411F-831C-4E806A667D33}.Debug|Any CPU.ActiveCfg = Debug|Any CPU
		{781ADB54-BBF4-411F-831C-4E806A667D33}.Debug|Any CPU.Build.0 = Debug|Any CPU
		{781ADB54-BBF4-411F-831C-4E806A667D33}.Release|Any CPU.ActiveCfg = Release|Any CPU
		{781ADB54-BBF4-411F-831C-4E806A667D33}.Release|Any CPU.Build.0 = Release|Any CPU
	EndGlobalSection
	GlobalSection(SolutionProperties) = preSolution
		HideSolutionNode = FALSE
	EndGlobalSection
	GlobalSection(ExtensibilityGlobals) = postSolution
		SolutionGuid = {D4511843-5436-47E0-AEC1-E41320B17629}
	EndGlobalSection
EndGlobal
